{
  "projects": [
    {
      "projectId": "jNjg3XfYAwqk5y4VTWczhq",
      "version": "latest",
      "dependencies": {},
      "lang": "ts",
      "fileLocks": [
        {
          "type": "globalVariant",
          "assetId": "-gyp0a7f6ogxC",
          "checksum": "4418106cf34946ae4b7612ef4cf9e94d"
        },
        {
          "assetId": "jNjg3XfYAwqk5y4VTWczhq",
          "type": "projectCss",
          "checksum": "c0ed070136b340a52cd010b93ad92b52"
        },
        {
          "type": "renderModule",
          "assetId": "cUXHfLBYgzdr",
          "checksum": "ab359f5a67d07db7ae6b106d5c7b5d6c"
        },
        {
          "type": "cssRules",
          "assetId": "cUXHfLBYgzdr",
          "checksum": "ab359f5a67d07db7ae6b106d5c7b5d6c"
        },
        {
          "type": "icon",
          "assetId": "JV1ymj-CqEB",
          "checksum": "685b1b69d9ba9b40df70ca403c9f457c"
        },
        {
          "type": "icon",
          "assetId": "YW6CnoAylXA",
          "checksum": "962c52d427422e5d887aa3e99cae6147"
        },
        {
          "type": "icon",
          "assetId": "EhpvbU0MVbp",
          "checksum": "d19409a76bdad47db6bd7823c5c54762"
        },
        {
          "type": "icon",
          "assetId": "1eQTDYGjXuH",
          "checksum": "e87e5d428f4b09eaca993c02a7f98c23"
        },
        {
          "type": "icon",
          "assetId": "3Diq6oOxU2x",
          "checksum": "3f5f9d497cf47fe898e11fe153681b9c"
        },
        {
          "type": "icon",
          "assetId": "AS5d__HFkvb",
          "checksum": "31485e3b7d16543d42d45db92d8bf7db"
        },
        {
          "type": "icon",
          "assetId": "b8gud-T8rUN",
          "checksum": "34597f60d96f734e84137bded43a8278"
        },
        {
          "type": "icon",
          "assetId": "443VzllxRd2",
          "checksum": "979fc2acdbd01c8d67f5861943d08a8f"
        },
        {
          "type": "icon",
          "assetId": "PaqT_3FH2zE",
          "checksum": "7b9d3b8576e17bd42eafafc9441e8078"
        },
        {
          "type": "icon",
          "assetId": "SFtyO_o4-7m",
          "checksum": "67ec4cfc0b372329f9febfc29a1b4b5f"
        },
        {
          "type": "icon",
          "assetId": "R_D9glyLq_H",
          "checksum": "072514907f7053e3922c0d3946e630ea"
        },
        {
          "type": "icon",
          "assetId": "cIulj1awWb_",
          "checksum": "279184426908eb58f879effbcf68da8c"
        },
        {
          "type": "icon",
          "assetId": "62OEfBJqANj",
          "checksum": "36acf178236870a4aaec4218e34dc29f"
        },
        {
          "type": "icon",
          "assetId": "tVnXH4sCeU-",
          "checksum": "6f3009846f420eeef07903112b0fa4a1"
        },
        {
          "type": "icon",
          "assetId": "fhNka53uiVZ",
          "checksum": "6614d6984b358841e360fa00b0c71455"
        },
        {
          "type": "icon",
          "assetId": "LaKe6yTo29E",
          "checksum": "33d1974c37fe9e9d79995af49021ace3"
        },
        {
          "type": "icon",
          "assetId": "l3gv_bwcrp7",
          "checksum": "2604a293d32f28edab28033c441f1535"
        },
        {
          "type": "icon",
          "assetId": "liHfqKzg6c2",
          "checksum": "1eabd323e6e4f50836b968b2077fd4fc"
        },
        {
          "type": "icon",
          "assetId": "bpWtSudYrvz",
          "checksum": "8e89863e4c73a7f49de47349f4514013"
        },
        {
          "type": "icon",
          "assetId": "wyKpVOAUdH2",
          "checksum": "aa74d033bf8fcff93061df10437addec"
        },
        {
          "type": "icon",
          "assetId": "MtfntXFjIoQ",
          "checksum": "14e4702e967a9431cc196d8e2ff5356a"
        },
        {
          "type": "icon",
          "assetId": "eN_MyqDmzLT",
          "checksum": "fb3f424e15685611c73b999784ca2123"
        },
        {
          "type": "icon",
          "assetId": "woCQ7_qXX7H",
          "checksum": "5ab0d299c4ee8c248ca6f26453c8f379"
        },
        {
          "type": "icon",
          "assetId": "keQTDhW3ZnK",
          "checksum": "d12ce7f6a8aed3369ec76b83b4d8b0ed"
        },
        {
          "type": "icon",
          "assetId": "o-IztpWOFR0",
          "checksum": "f6158eeb4fd763bdd417bcfdb3e6a9a9"
        },
        {
          "type": "icon",
          "assetId": "wlpRgAJECWZ",
          "checksum": "b36eb3863860d5be6bea8a04dce836cc"
        },
        {
          "type": "icon",
          "assetId": "zZq_BvV4HOo",
          "checksum": "d0975cf2ae4a2e29264c791d3d7f8eff"
        },
        {
          "type": "icon",
          "assetId": "n1Ou2pAq0j3",
          "checksum": "fa7e5753a76307c01628c0576630659b"
        },
        {
          "type": "icon",
          "assetId": "KfLZVJbmFf5",
          "checksum": "77527da914c4c598eed0afc831cf9e43"
        },
        {
          "type": "icon",
          "assetId": "BzcDerpy3VX",
          "checksum": "3d95b5c15ca719f69ac42b6b60cc6777"
        },
        {
          "type": "icon",
          "assetId": "1TNtqoeRk6t",
          "checksum": "bb21f489a3cf63ca75f9ffec65815174"
        },
        {
          "type": "icon",
          "assetId": "7Jw0SqmpPhy",
          "checksum": "02f4507259b264776342d180731e7476"
        },
        {
          "type": "icon",
          "assetId": "xkzdKPhx1nq",
          "checksum": "f52c336b23d1a179d71379036f44896b"
        },
        {
          "type": "icon",
          "assetId": "lmDukJMPbWQ",
          "checksum": "685f03e3697a25d3932bf133a4a69c86"
        },
        {
          "type": "icon",
          "assetId": "0MUX9gKqUMt",
          "checksum": "865f5a79258f7d7b29ab8197bd454f11"
        },
        {
          "type": "icon",
          "assetId": "RwezzTINDPH",
          "checksum": "43bd652a06c0d338748c7637473266fb"
        },
        {
          "type": "icon",
          "assetId": "FNFUxOaHfGl",
          "checksum": "e7538f8633aab2b1b7728291e285e356"
        },
        {
          "type": "icon",
          "assetId": "aTAR3hPSeub",
          "checksum": "554caef104fb70f411a4107e1b78c481"
        },
        {
          "type": "icon",
          "assetId": "bHayCDAuO",
          "checksum": "9856d349004db751da09876eadddf33f"
        },
        {
          "type": "icon",
          "assetId": "FuEERPZbZo",
          "checksum": "d3300ec6c23971129f62f1f5d3cd785b"
        },
        {
          "type": "icon",
          "assetId": "stJDO-qUG2",
          "checksum": "ed3c1c877b8a49414cfcacc258e38dde"
        },
        {
          "type": "icon",
          "assetId": "HRD_mYnRQh",
          "checksum": "3110d80380f33a8cacd97fd78523aa44"
        },
        {
          "type": "icon",
          "assetId": "jS-v3-B_IE",
          "checksum": "111b7ffa9192cc39ffb7a67379248738"
        },
        {
          "type": "icon",
          "assetId": "blshXkhedw",
          "checksum": "3bf005966168128ad19b62b03948337e"
        },
        {
          "type": "icon",
          "assetId": "MX5unA89XMf",
          "checksum": "8212346b6d147296c4afba6162e981f1"
        },
        {
          "type": "icon",
          "assetId": "E2qGpz3lyml",
          "checksum": "4f5b0a20e11a20366b143735de5627a0"
        },
        {
          "type": "icon",
          "assetId": "jUV5Fm4Hvxl",
          "checksum": "3835dfbe21ccc03be3103ee3116e6e0f"
        },
        {
          "type": "icon",
          "assetId": "o1GkHT1OQ6e",
          "checksum": "1e3420fd2f64cd34b41822da7ffa9818"
        },
        {
          "type": "icon",
          "assetId": "-n_sBb80tIk",
          "checksum": "05a496e391162dfa590efe1d4a4c245b"
        },
        {
          "type": "icon",
          "assetId": "y06jCOPAoxG",
          "checksum": "798a000de0fd7eed8c60a20ad807d299"
        },
        {
          "type": "icon",
          "assetId": "hDcK36TFeeP",
          "checksum": "3665c27e6453bb588ad2a162217b4ac1"
        },
        {
          "type": "icon",
          "assetId": "NndP_c4p-GI",
          "checksum": "bb615b2a67368bf641df4d6b72c986b5"
        },
        {
          "type": "icon",
          "assetId": "9Kl-ulUg8Yk",
          "checksum": "782fdfc149170eb2a6ecf4baf86d3f49"
        },
        {
          "type": "icon",
          "assetId": "t5pAuV3xtv6",
          "checksum": "f456bbc3ed9f8ed7e78f6b5f4ca53603"
        },
        {
          "type": "icon",
          "assetId": "deyATYnEmgk",
          "checksum": "cd6de5924579b05e8f39d4d775335096"
        },
        {
          "type": "icon",
          "assetId": "buXS9PP4nVR",
          "checksum": "001889d9a7c06f19f8ee53c08b68fa5f"
        },
        {
          "type": "icon",
          "assetId": "Q_vYHKZUyC4",
          "checksum": "069d200fbcf254b9b214f60afa19a71b"
        },
        {
          "type": "icon",
          "assetId": "PjHcMW0fbd0",
          "checksum": "274f8c40dea55cbdf3ac34a67d788abc"
        },
        {
          "type": "icon",
          "assetId": "52iSutmTkkI",
          "checksum": "21567caccdf04954e7151916e8c582c1"
        },
        {
          "type": "icon",
          "assetId": "0O7XakEexg-",
          "checksum": "17a78b07adf297392c805ab14ce9d5d5"
        },
        {
          "type": "icon",
          "assetId": "pc8kc5RtpOL",
          "checksum": "ba1cadc1f4b2ce72b1b7b7abd491cfcd"
        },
        {
          "type": "icon",
          "assetId": "FACuV5SevUW",
          "checksum": "6b11afd7595d64866d4eaf3a288198d7"
        },
        {
          "type": "icon",
          "assetId": "YzHqkDgdF",
          "checksum": "c6e64959eab2aff2cf548011c536d26d"
        },
        {
          "type": "icon",
          "assetId": "AcgIpQ2Ie0",
          "checksum": "d9332a2cd2901b4baa67f24b1657fd03"
        },
        {
          "type": "icon",
          "assetId": "rnLonvtUIb",
          "checksum": "d7a2dc98be9f50136e2fd57a30acf38b"
        },
        {
          "type": "icon",
          "assetId": "D8EkUOC5vQ",
          "checksum": "d492087f23beab058c20398493a4688d"
        },
        {
          "type": "icon",
          "assetId": "qkmt9c8d_f",
          "checksum": "46e0613efae4a0aa36ed15551337c964"
        },
        {
          "type": "icon",
          "assetId": "YtG6hIwZDD",
          "checksum": "b4abb812f996f4f859a75017a0dcae4d"
        },
        {
          "type": "icon",
          "assetId": "PcOgqGuNEH",
          "checksum": "ac198bb3c6f13a4e931835d429fab21c"
        },
        {
          "type": "icon",
          "assetId": "C92l42jHE5",
          "checksum": "92fe1353ba67baa85eb233d93cd3d323"
        },
        {
          "type": "icon",
          "assetId": "RT7d02Bf_c",
          "checksum": "452af95e15f123b11f761ee6fc8803dc"
        },
        {
          "type": "icon",
          "assetId": "PxcJsCexXt",
          "checksum": "63017870dd75a109fadb18be8348d9dc"
        },
        {
          "type": "icon",
          "assetId": "Xu_9ek5l5d",
          "checksum": "94ba784952f89da3e01d53453cf3788a"
        },
        {
          "type": "icon",
          "assetId": "jYEhRv5Wam",
          "checksum": "1e6388413cb5c1797ea5c31a7bedd565"
        },
        {
          "type": "icon",
          "assetId": "INtxYtnenlM",
          "checksum": "98f6daad75ae33a8a8f57abe5166cc80"
        },
        {
          "type": "icon",
          "assetId": "cp-RF2qlG70",
          "checksum": "058f1055c40397d8ca3d65219479a03a"
        },
        {
          "type": "icon",
          "assetId": "xldqynqRvIE",
          "checksum": "16528f605415f6593d1b91fdcecc7dea"
        },
        {
          "type": "icon",
          "assetId": "5CmN8KxbSy0",
          "checksum": "a5fb6c7149da5a9b6c7b46261387960c"
        },
        {
          "type": "icon",
          "assetId": "Ev5IFP6C4v0",
          "checksum": "7ee134db91c6214e76a8c44544ac9ba2"
        },
        {
          "type": "icon",
          "assetId": "T-1JwnLVi4M",
          "checksum": "6bedfd177a90ae4e022091aaa07cc77a"
        },
        {
          "type": "icon",
          "assetId": "0iXdEH9lIbZ",
          "checksum": "89cabd0d8065087a9c74c86836da38ac"
        },
        {
          "type": "icon",
          "assetId": "Psd0oP0Yj_Y",
          "checksum": "62778d8584aa2e92a3b5f6e376fd8ab8"
        },
        {
          "type": "icon",
          "assetId": "FWANHfAJFcW",
          "checksum": "8dcc8a01973f1f98c919ae7416081ae5"
        },
        {
          "type": "icon",
          "assetId": "oK2c8UVRJ3X",
          "checksum": "fbb57c5f33ae632863f695d13afc608e"
        },
        {
          "type": "icon",
          "assetId": "5VGyfQ3Fuat",
          "checksum": "dd4c98c76d62ac37cd2f4319a296a23a"
        },
        {
          "type": "icon",
          "assetId": "1UZOOoPch",
          "checksum": "8b46e5130003124c086745adea7e9137"
        },
        {
          "type": "icon",
          "assetId": "ROJiUCumGx",
          "checksum": "94fec74a76e0786aee9d678fb0ff3e11"
        },
        {
          "type": "icon",
          "assetId": "ReScir2Kgt",
          "checksum": "10f84c65f8d37b8ec27843cb895c259c"
        },
        {
          "type": "icon",
          "assetId": "BqqXZpvMa6",
          "checksum": "7fdc3de64815360539e227cd797c76d9"
        },
        {
          "type": "icon",
          "assetId": "MvZKEE6eG4v",
          "checksum": "94410d25312ceb783f368de80fb5a487"
        },
        {
          "type": "icon",
          "assetId": "SByv3m2dfB9",
          "checksum": "7ae9f9fb2a072b62718c184077902397"
        },
        {
          "type": "icon",
          "assetId": "0xQpBz7yiNZ",
          "checksum": "5fd1f7785d15e6ae2f84e662b0b6bca4"
        },
        {
          "type": "icon",
          "assetId": "X6u3XGFPIH-",
          "checksum": "2b19a51eaa6f28f6731f96caafee7f9a"
        },
        {
          "type": "icon",
          "assetId": "BCNKNg5AEtv",
          "checksum": "8f988e47585c678b54dd4542dac2b4a2"
        },
        {
          "type": "icon",
          "assetId": "vlUCIs_ccxv",
          "checksum": "d8a92df356e2fbcd2a07cf96157d9477"
        },
        {
          "type": "icon",
          "assetId": "ISsNOnRbnxw",
          "checksum": "16663d1c0882b676562185b4d3611414"
        },
        {
          "type": "icon",
          "assetId": "1zUFex27deG",
          "checksum": "f929cf6d924304f79e55ac6dcbf5de5a"
        },
        {
          "type": "icon",
          "assetId": "NajezBco0rP",
          "checksum": "e1b80ef24c93265d02684cbb1252bb4b"
        },
        {
          "type": "icon",
          "assetId": "663JJTHkV7C",
          "checksum": "077ded01c7b523bbd811853aa54b2985"
        },
        {
          "type": "icon",
          "assetId": "sKfQtEQxM",
          "checksum": "95eafd03c318a867764c0524f76214d5"
        },
        {
          "type": "icon",
          "assetId": "2Qyoe3W6cZ",
          "checksum": "3ea69cfcc87b7c4526a18476543f0d36"
        },
        {
          "type": "icon",
          "assetId": "RiL45fu49M",
          "checksum": "0bdf31fc13a09b5714b3da50876b22ca"
        },
        {
          "type": "icon",
          "assetId": "w-s0Xjuqk6",
          "checksum": "edd55070c8551069375811a9897774f4"
        },
        {
          "type": "image",
          "assetId": "NuetNcoH_",
          "checksum": "64a7409e7c09c62d5758550bbe9d885a"
        },
        {
          "type": "image",
          "assetId": "fpEi_l4ulS",
          "checksum": "920011fa14f3fa0e45bf8f61d5d81480"
        },
        {
          "type": "image",
          "assetId": "jmjqpiG2tU",
          "checksum": "f544ab5cb129af075b3607bf0a8349d3"
        },
        {
          "type": "image",
          "assetId": "aXy5iSGyFb",
          "checksum": "08bb70cec3f65aafac0a5e015daffa7c"
        },
        {
          "type": "image",
          "assetId": "7hkGmUhxHr",
          "checksum": "7af15247c8ada8cc0b2e8e18953ca569"
        },
        {
          "type": "image",
          "assetId": "dQwn9nEE67",
          "checksum": "6fe35dcfdab5b0b85569ea3562a2bcc9"
        },
        {
          "type": "image",
          "assetId": "2d8pFWjuG6",
          "checksum": "06864b9512b62e7eccd27cb1efea99b6"
        },
        {
          "type": "image",
          "assetId": "n78AcMsrBs",
          "checksum": "60924fd92638ff16d577e4e9e25a86e3"
        },
        {
          "type": "image",
          "assetId": "Ont2UJqOnm",
          "checksum": "4d05b1f858c8f829470f5a18f6ca1104"
        },
        {
          "type": "image",
          "assetId": "ST1KJG03rz",
          "checksum": "99e56dbc2e132c04a38570098b469ab0"
        },
        {
          "type": "image",
          "assetId": "nsLYXMZCWF",
          "checksum": "f2dc04d71ef33a5c9643786f35cbab6a"
        },
        {
          "type": "image",
          "assetId": "jasdsF6m3p",
          "checksum": "2ef040ff836be5e15586d5a5a1dc2fe4"
        },
        {
          "type": "image",
          "assetId": "BsY1x3o8U0",
          "checksum": "3dd2ecfdc86c568a34c20052d19a33f2"
        },
        {
          "type": "image",
          "assetId": "og8dp6y2EL",
          "checksum": "5390ae77e7405cf61d29a42e250040de"
        },
        {
          "type": "image",
          "assetId": "7D2XkiYY6G",
          "checksum": "b7762f7bea8ebd25c43beca8f1218dfc"
        },
        {
          "type": "image",
          "assetId": "fnY7hYfIdM",
          "checksum": "65081fd5150e5516e5ef7e5e032f388c"
        },
        {
          "type": "image",
          "assetId": "KnfN5M8wtfk",
          "checksum": "6646a224638e530eeddb6890008aa254"
        },
        {
          "type": "image",
          "assetId": "fBzf_X-cxF7",
          "checksum": "b22288c03bd25345389c6401ebb6e045"
        },
        {
          "type": "image",
          "assetId": "XYSaWPB9hrP",
          "checksum": "ac39a9cc57dc669e42802f288c3d9a06"
        },
        {
          "type": "image",
          "assetId": "JW0G30XAxrh",
          "checksum": "f31ec2a9510159e0e3565683dc8b088f"
        },
        {
          "type": "image",
          "assetId": "acyluMqesNB",
          "checksum": "0909131f5248ec25ceb8652975b24bce"
        },
        {
          "type": "image",
          "assetId": "ps7HhfjhVb8",
          "checksum": "77c38cb98dd66065288f26a6947f84b9"
        },
        {
          "type": "image",
          "assetId": "0TUyHgFFWWx",
          "checksum": "22484c0ea3e56f44946cd573c9b9b957"
        },
        {
          "type": "image",
          "assetId": "B4T7FnBgwQp",
          "checksum": "a648c9c69974a33aecdf45258c4fbbb0"
        },
        {
          "type": "image",
          "assetId": "4B7lF4yyX_R",
          "checksum": "70dc3a4809a991c03d44eb3eaa8c2279"
        },
        {
          "type": "image",
          "assetId": "Pi7HW1RdnEQ",
          "checksum": "57b5594e6804ad825724fb66c2f8d9a9"
        },
        {
          "type": "image",
          "assetId": "1728MXTGAyA",
          "checksum": "e8da4426cfa5e0ec02e97769cea1dda3"
        },
        {
          "type": "image",
          "assetId": "S6VCTCYnmSK",
          "checksum": "43867e4fe5dd8e8808fa67ad813438c5"
        },
        {
          "type": "image",
          "assetId": "84plSutwLf1",
          "checksum": "f63053290587c2749e228f80506ba78f"
        },
        {
          "type": "image",
          "assetId": "ppVXlhw7H0_",
          "checksum": "1b67918ef3278d1e1877467ed5a2de19"
        },
        {
          "type": "image",
          "assetId": "K4QOaRRls5e",
          "checksum": "35db7fc2e460e9f221d4b987565eb3c5"
        },
        {
          "type": "image",
          "assetId": "RIJI_BgUWp3",
          "checksum": "d4f4b673074ef0871a0375023de3fa3e"
        },
        {
          "type": "image",
          "assetId": "8kNEK6O_PrQ",
          "checksum": "c4987634bff13eb60f0f924cc54dca7f"
        },
        {
          "type": "image",
          "assetId": "_zknnl1KXBZ",
          "checksum": "f4cf1bec3b59f1ce621aebea8cbfc4ec"
        },
        {
          "type": "image",
          "assetId": "FZQ4-WF-1AJ",
          "checksum": "251586457dbfcd95c017d918582b04ba"
        },
        {
          "type": "image",
          "assetId": "WIlkjD6DF2z",
          "checksum": "bea6d3e8211a600a5d697f1828c28203"
        },
        {
          "type": "image",
          "assetId": "5xPO4b0jWQ6",
          "checksum": "73c98317d54e5397aad2684b37cf82f8"
        },
        {
          "type": "image",
          "assetId": "sXEi40NjJOZ",
          "checksum": "c29decca212463afca4c0c4ea15c4053"
        },
        {
          "type": "image",
          "assetId": "V58jqRNddAJ",
          "checksum": "fcb92aa965793d17acdb6d0745a60cce"
        },
        {
          "type": "image",
          "assetId": "ehNN-QtU-OF",
          "checksum": "5feaa9525c561ae0978e1887dc5f1438"
        },
        {
          "type": "image",
          "assetId": "qrfiJMoKzkh",
          "checksum": "03dd68632d820459dffc046e2588d887"
        },
        {
          "type": "image",
          "assetId": "9LrKz25ZAp0",
          "checksum": "4f6e6d137a1217d9ece6adfd1aa336fd"
        },
        {
          "type": "image",
          "assetId": "3Mns9xEIiz4",
          "checksum": "34d1eef8278297d0766fb59468e377d6"
        },
        {
          "type": "image",
          "assetId": "WSqLn5Xw3d",
          "checksum": "8922926ade6f319cc029f677f6bbddba"
        },
        {
          "type": "image",
          "assetId": "WIbipEV7zN",
          "checksum": "c120a1cdcc28eb82453372125f0c66e9"
        },
        {
          "type": "image",
          "assetId": "sulXh959h8",
          "checksum": "e122460e6d959f52995fb272579ba2e7"
        },
        {
          "type": "image",
          "assetId": "D4OEwvVEbH",
          "checksum": "c612cd04d2f662b17c7a225b40f141d3"
        },
        {
          "type": "image",
          "assetId": "r9Jljiilrb",
          "checksum": "4c89275a6f1b1d459243765624bfb95f"
        },
        {
          "type": "image",
          "assetId": "Mqe6jF3Eok",
          "checksum": "b801744e383c083b6d84f4072263aa5f"
        },
        {
          "type": "image",
          "assetId": "bcnZ-DnKli",
          "checksum": "c6917ec32114064c9ec42617edc0e480"
        },
        {
          "type": "image",
          "assetId": "-OAPgzrTDh",
          "checksum": "cf077cac650274ffe734f294900eb167"
        },
        {
          "type": "image",
          "assetId": "xSI7Erk5PA",
          "checksum": "78dd5a9aa125817a097a2d044a45a9d8"
        },
        {
          "type": "image",
          "assetId": "-vHPkO-z8i",
          "checksum": "958794333066a0f04204d38e600b30b9"
        },
        {
          "type": "image",
          "assetId": "EChmCjrPmlU",
          "checksum": "5980f3d03474888feb91a726af5e0a0e"
        },
        {
          "type": "image",
          "assetId": "Phd7d203ckC",
          "checksum": "95755c989dcf6732f59bbb37dbd49551"
        },
        {
          "type": "image",
          "assetId": "sgjuwjOjxh8",
          "checksum": "ddd5c6e4db0b3f96a9539d5d2e9e5ba5"
        },
        {
          "type": "image",
          "assetId": "h-a9agZ-yGE",
          "checksum": "72084ac447e43a163b89e6e7fc0851d1"
        },
        {
          "type": "image",
          "assetId": "IPymMuVblcI",
          "checksum": "a4c95c7cbd846e4a0b7837c72f19b876"
        },
        {
          "type": "image",
          "assetId": "WoTARSnF263",
          "checksum": "a3c3c3f2f506e044f35339e77c998edc"
        },
        {
          "type": "image",
          "assetId": "IU_jyCzRqM1",
          "checksum": "a1007302d737f395fd44faa75275274e"
        },
        {
          "type": "image",
          "assetId": "uim9O-XiYEj",
          "checksum": "5a01b96843c1b5bd2efd4f5ffb4eabef"
        },
        {
          "type": "image",
          "assetId": "21-dgj1Fshv",
          "checksum": "cb069fb5bc17e5e82d4cbb2aa777c88e"
        },
        {
          "type": "image",
          "assetId": "3qtVvDYcEO4",
          "checksum": "64f23b21dab66bf40162d33d2b530ea6"
        },
        {
          "type": "image",
          "assetId": "6mF-AuAw7np",
          "checksum": "e8cc1d4b5f783974d4342d1357f64134"
        },
        {
          "type": "image",
          "assetId": "bRSeSep6Vlv",
          "checksum": "60d0351ab9ed5f6c74f1aacd55164024"
        },
        {
          "type": "image",
          "assetId": "hErJp2Brrox",
          "checksum": "cc49d6f5842b161732466fd66f082751"
        },
        {
          "type": "image",
          "assetId": "DrOOTc3iceZ",
          "checksum": "3a1e9499db1c99cd65cdf72f9090c214"
        },
        {
          "type": "image",
          "assetId": "f9elsi0WJ2r",
          "checksum": "3321aff705d33455ff0e1f8912c2814f"
        },
        {
          "type": "image",
          "assetId": "Bud1KNZNPtR",
          "checksum": "b53ee2209035962b50b1b02ab5f7cc4f"
        },
        {
          "type": "image",
          "assetId": "FLgnl-tN4nB",
          "checksum": "f7778cbaba2a37190d441bc635f4585f"
        },
        {
          "type": "image",
          "assetId": "028hKGPoYuv",
          "checksum": "7766fff6d717d3a83a4fcffa6b590980"
        },
        {
          "type": "image",
          "assetId": "kf9JGeu9Wj",
          "checksum": "386f2b240d1e1bed8b83c56ffc72d1f7"
        },
        {
          "type": "image",
          "assetId": "rOES9JpUXA",
          "checksum": "1c57ed4ecbbdc3627e73805de443aa85"
        },
        {
          "type": "image",
          "assetId": "oZKIFB2-Xt",
          "checksum": "09a9974c8ebf06def6d3b22f294c0981"
        },
        {
          "type": "image",
          "assetId": "w-4XvO39cr",
          "checksum": "b06faf704e1ab8aed86642a90c031172"
        },
        {
          "type": "image",
          "assetId": "bDefh2ahGr",
          "checksum": "e95a48ae1f3e9240675111cab36ae7fc"
        },
        {
          "type": "image",
          "assetId": "sCjF2jlx9g",
          "checksum": "7353ef51c23d491d04c3a3753ae2f388"
        },
        {
          "type": "image",
          "assetId": "SQsDoccCBU",
          "checksum": "8353985de1b2224db3e68be9bc1b32a8"
        },
        {
          "type": "image",
          "assetId": "2XvYmxCUXk",
          "checksum": "49422a5530b85372ffc17747c9f6d645"
        },
        {
          "type": "image",
          "assetId": "kl0k5XUpEv",
          "checksum": "68ff7cd238eda2c67b470fbfb4126068"
        },
        {
          "type": "image",
          "assetId": "TQm-eWKtWa",
          "checksum": "3905a3c103e31dfe083611f8e84e3e0e"
        },
        {
          "type": "image",
          "assetId": "ZVvz930opP",
          "checksum": "9968ba4e463fe6ae4cfb2cc34ef0d111"
        },
        {
          "type": "image",
          "assetId": "NABqvmcDU9",
          "checksum": "cb44c3b7f21a4d05ad53f92341c7a3d3"
        },
        {
          "type": "image",
          "assetId": "s39foNlnBw",
          "checksum": "e13ec72d8a6b63e65826c9b8918d2f7d"
        },
        {
          "type": "image",
          "assetId": "WmjqyXO_Sg",
          "checksum": "5a3c3c6aec28374d58d02fb07049bb86"
        },
        {
          "type": "image",
          "assetId": "U44MlvraQt",
          "checksum": "bb7c97fccf15c8831d212b82ad03756f"
        },
        {
          "type": "image",
          "assetId": "GnwRA_-noe",
          "checksum": "ca9ed2d1d3ebf237b2ffb51ee6f61597"
        },
        {
          "type": "image",
          "assetId": "1uczcMEOoKp",
          "checksum": "96fd2f1ec9f64e77210e2665ea53698e"
        },
        {
          "type": "image",
          "assetId": "Gk9oRR2bmuJ",
          "checksum": "8ea09a65492ff2cf09e45e3557b405a3"
        },
        {
          "type": "image",
          "assetId": "R_nAFLSv43",
          "checksum": "bd5e439568d0c5920fc41ae4429ae11e"
        },
        {
          "type": "image",
          "assetId": "EeMqcJMHXb",
          "checksum": "a174624bda9b7380d9a646325dd61736"
        }
      ],
      "codegenVersion": "0.0.1"
    }
  ],
  "cliVersion": "0.1.186"
}
